
Microsoft Visual Studio Solution File, Format Version 12.00
Project("{FAE04EC0-301F-11D3-BF4B-00C04F79EFBC}") = "Entities", "Entities\Entities.csproj", "{02A8B02D-5B7F-474C-A72D-B28F00932CC9}"
EndProject
Project("{2150E333-8FDC-42A3-9474-1A3956D46DE8}") = "Server", "Server", "{3FBE779B-5FD3-4BAF-B9CB-29D9576CA3DD}"
EndProject
Project("{FAE04EC0-301F-11D3-BF4B-00C04F79EFBC}") = "RepositoryContracts", "RepositoryContracts\RepositoryContracts.csproj", "{7A3DCF3E-C2D2-4628-BD15-52DB835D4DD9}"
EndProject
Project("{FAE04EC0-301F-11D3-BF4B-00C04F79EFBC}") = "CLI", "Server\CLI\CLI.csproj", "{7601A8EC-A70A-4AF6-A584-EA05B37337DA}"
EndProject
Project("{FAE04EC0-301F-11D3-BF4B-00C04F79EFBC}") = "FileRepositories", "Server\FileRepositories\FileRepositories.csproj", "{EBDB4B4B-6BA4-448C-8898-E3F23E419719}"
EndProject
Project("{2150E333-8FDC-42A3-9474-1A3956D46DE8}") = "Shared", "Shared", "{70C9C878-3DB9-4DD6-B148-BA6F543622EB}"
EndProject
Project("{FAE04EC0-301F-11D3-BF4B-00C04F79EFBC}") = "ApiContracts", "Shared\ApiContracts\ApiContracts.csproj", "{1249013C-17C7-40A4-B6A6-1BFC6B2C1A87}"
EndProject
Project("{FAE04EC0-301F-11D3-BF4B-00C04F79EFBC}") = "WebApplication", "Server\WebApplication\WebApplication.csproj", "{489F893D-B946-4188-91E7-6EA867E46C0D}"
EndProject
Project("{2150E333-8FDC-42A3-9474-1A3956D46DE8}") = "Client", "Client", "{962A3A87-DDFE-427D-AD94-143E0556A0E1}"
EndProject
Project("{FAE04EC0-301F-11D3-BF4B-00C04F79EFBC}") = "BlazorApp", "Client\BlazorApp\BlazorApp.csproj", "{37ED6608-B039-4D56-82EC-A900D0E33990}"
EndProject
Global
	GlobalSection(SolutionConfigurationPlatforms) = preSolution
		Debug|Any CPU = Debug|Any CPU
		Release|Any CPU = Release|Any CPU
	EndGlobalSection
	GlobalSection(ProjectConfigurationPlatforms) = postSolution
		{02A8B02D-5B7F-474C-A72D-B28F00932CC9}.Debug|Any CPU.ActiveCfg = Debug|Any CPU
		{02A8B02D-5B7F-474C-A72D-B28F00932CC9}.Debug|Any CPU.Build.0 = Debug|Any CPU
		{02A8B02D-5B7F-474C-A72D-B28F00932CC9}.Release|Any CPU.ActiveCfg = Release|Any CPU
		{02A8B02D-5B7F-474C-A72D-B28F00932CC9}.Release|Any CPU.Build.0 = Release|Any CPU
		{7A3DCF3E-C2D2-4628-BD15-52DB835D4DD9}.Debug|Any CPU.ActiveCfg = Debug|Any CPU
		{7A3DCF3E-C2D2-4628-BD15-52DB835D4DD9}.Debug|Any CPU.Build.0 = Debug|Any CPU
		{7A3DCF3E-C2D2-4628-BD15-52DB835D4DD9}.Release|Any CPU.ActiveCfg = Release|Any CPU
		{7A3DCF3E-C2D2-4628-BD15-52DB835D4DD9}.Release|Any CPU.Build.0 = Release|Any CPU
		{7601A8EC-A70A-4AF6-A584-EA05B37337DA}.Debug|Any CPU.ActiveCfg = Debug|Any CPU
		{7601A8EC-A70A-4AF6-A584-EA05B37337DA}.Debug|Any CPU.Build.0 = Debug|Any CPU
		{7601A8EC-A70A-4AF6-A584-EA05B37337DA}.Release|Any CPU.ActiveCfg = Release|Any CPU
		{7601A8EC-A70A-4AF6-A584-EA05B37337DA}.Release|Any CPU.Build.0 = Release|Any CPU
		{EBDB4B4B-6BA4-448C-8898-E3F23E419719}.Debug|Any CPU.ActiveCfg = Debug|Any CPU
		{EBDB4B4B-6BA4-448C-8898-E3F23E419719}.Debug|Any CPU.Build.0 = Debug|Any CPU
		{EBDB4B4B-6BA4-448C-8898-E3F23E419719}.Release|Any CPU.ActiveCfg = Release|Any CPU
		{EBDB4B4B-6BA4-448C-8898-E3F23E419719}.Release|Any CPU.Build.0 = Release|Any CPU
		{1249013C-17C7-40A4-B6A6-1BFC6B2C1A87}.Debug|Any CPU.ActiveCfg = Debug|Any CPU
		{1249013C-17C7-40A4-B6A6-1BFC6B2C1A87}.Debug|Any CPU.Build.0 = Debug|Any CPU
		{1249013C-17C7-40A4-B6A6-1BFC6B2C1A87}.Release|Any CPU.ActiveCfg = Release|Any CPU
		{1249013C-17C7-40A4-B6A6-1BFC6B2C1A87}.Release|Any CPU.Build.0 = Release|Any CPU
		{489F893D-B946-4188-91E7-6EA867E46C0D}.Debug|Any CPU.ActiveCfg = Debug|Any CPU
		{489F893D-B946-4188-91E7-6EA867E46C0D}.Debug|Any CPU.Build.0 = Debug|Any CPU
		{489F893D-B946-4188-91E7-6EA867E46C0D}.Release|Any CPU.ActiveCfg = Release|Any CPU
		{489F893D-B946-4188-91E7-6EA867E46C0D}.Release|Any CPU.Build.0 = Release|Any CPU
		{37ED6608-B039-4D56-82EC-A900D0E33990}.Debug|Any CPU.ActiveCfg = Debug|Any CPU
		{37ED6608-B039-4D56-82EC-A900D0E33990}.Debug|Any CPU.Build.0 = Debug|Any CPU
		{37ED6608-B039-4D56-82EC-A900D0E33990}.Release|Any CPU.ActiveCfg = Release|Any CPU
		{37ED6608-B039-4D56-82EC-A900D0E33990}.Release|Any CPU.Build.0 = Release|Any CPU
	EndGlobalSection
	GlobalSection(NestedProjects) = preSolution
		{02A8B02D-5B7F-474C-A72D-B28F00932CC9} = {3FBE779B-5FD3-4BAF-B9CB-29D9576CA3DD}
		{7A3DCF3E-C2D2-4628-BD15-52DB835D4DD9} = {3FBE779B-5FD3-4BAF-B9CB-29D9576CA3DD}
		{7601A8EC-A70A-4AF6-A584-EA05B37337DA} = {3FBE779B-5FD3-4BAF-B9CB-29D9576CA3DD}
		{EBDB4B4B-6BA4-448C-8898-E3F23E419719} = {3FBE779B-5FD3-4BAF-B9CB-29D9576CA3DD}
		{1249013C-17C7-40A4-B6A6-1BFC6B2C1A87} = {70C9C878-3DB9-4DD6-B148-BA6F543622EB}
		{489F893D-B946-4188-91E7-6EA867E46C0D} = {3FBE779B-5FD3-4BAF-B9CB-29D9576CA3DD}
		{37ED6608-B039-4D56-82EC-A900D0E33990} = {962A3A87-DDFE-427D-AD94-143E0556A0E1}
	EndGlobalSection
EndGlobal
